
Microsoft Visual Studio Solution File, Format Version 12.00
# Visual Studio 14
VisualStudioVersion = 14.0.25420.1
MinimumVisualStudioVersion = 10.0.40219.1
Project("{FAE04EC0-301F-11D3-BF4B-00C04F79EFBC}") = "PSP_4_gui", "PSP_4_gui\PSP_4_gui.csproj", "{A937E9DA-747C-449B-87F2-A50EBE28CCB3}"
EndProject
Project("{FAE04EC0-301F-11D3-BF4B-00C04F79EFBC}") = "PSP_4_modelo", "PSP_4_modelo\PSP_4_modelo.csproj", "{3CE67899-3BB9-4791-9DEF-E322839832B9}"
EndProject
Project("{FAE04EC0-301F-11D3-BF4B-00C04F79EFBC}") = "PSP_4_control", "PSP_4_control\PSP_4_control.csproj", "{9BFA0FC1-2E5B-48A7-AECA-A19BD7B8EBB9}"
EndProject
Global
	GlobalSection(SolutionConfigurationPlatforms) = preSolution
		Debug|Any CPU = Debug|Any CPU
		Release|Any CPU = Release|Any CPU
	EndGlobalSection
	GlobalSection(ProjectConfigurationPlatforms) = postSolution
		{A937E9DA-747C-449B-87F2-A50EBE28CCB3}.Debug|Any CPU.ActiveCfg = Debug|Any CPU
		{A937E9DA-747C-449B-87F2-A50EBE28CCB3}.Debug|Any CPU.Build.0 = Debug|Any CPU
		{A937E9DA-747C-449B-87F2-A50EBE28CCB3}.Release|Any CPU.ActiveCfg = Release|Any CPU
		{A937E9DA-747C-449B-87F2-A50EBE28CCB3}.Release|Any CPU.Build.0 = Release|Any CPU
		{3CE67899-3BB9-4791-9DEF-E322839832B9}.Debug|Any CPU.ActiveCfg = Debug|Any CPU
		{3CE67899-3BB9-4791-9DEF-E322839832B9}.Debug|Any CPU.Build.0 = Debug|Any CPU
		{3CE67899-3BB9-4791-9DEF-E322839832B9}.Release|Any CPU.ActiveCfg = Release|Any CPU
		{3CE67899-3BB9-4791-9DEF-E322839832B9}.Release|Any CPU.Build.0 = Release|Any CPU
		{9BFA0FC1-2E5B-48A7-AECA-A19BD7B8EBB9}.Debug|Any CPU.ActiveCfg = Debug|Any CPU
		{9BFA0FC1-2E5B-48A7-AECA-A19BD7B8EBB9}.Debug|Any CPU.Build.0 = Debug|Any CPU
		{9BFA0FC1-2E5B-48A7-AECA-A19BD7B8EBB9}.Release|Any CPU.ActiveCfg = Release|Any CPU
		{9BFA0FC1-2E5B-48A7-AECA-A19BD7B8EBB9}.Release|Any CPU.Build.0 = Release|Any CPU
	EndGlobalSection
	GlobalSection(SolutionProperties) = preSolution
		HideSolutionNode = FALSE
	EndGlobalSection
EndGlobal
